// !$*UTF8*$!
{
	archiveVersion = 1;
	classes = {
	};
	objectVersion = 46;
	objects = {

/* Begin PBXBuildFile section */
		96B9738F151AC6AF00488912 /* ColorTouchAppDelegate.m in Sources */ = {isa = PBXBuildFile; fileRef = 96B97383151AC6AF00488912 /* ColorTouchAppDelegate.m */; };
		96B97390151AC6AF00488912 /* ColorTouchViewController.m in Sources */ = {isa = PBXBuildFile; fileRef = 96B97385151AC6AF00488912 /* ColorTouchViewController.m */; };
		96B97394151AC6AF00488912 /* main.m in Sources */ = {isa = PBXBuildFile; fileRef = 96B9738D151AC6AF00488912 /* main.m */; };
		96C1C308151ACE7D00AE1A38 /* ColorTouchViewController.xib in Resources */ = {isa = PBXBuildFile; fileRef = 96C1C305151ACE7D00AE1A38 /* ColorTouchViewController.xib */; };
		96C1C309151ACE7D00AE1A38 /* InfoPlist.strings in Resources */ = {isa = PBXBuildFile; fileRef = 96C1C306151ACE7D00AE1A38 /* InfoPlist.strings */; };
		96C1C30A151ACE7D00AE1A38 /* MainWindow.xib in Resources */ = {isa = PBXBuildFile; fileRef = 96C1C307151ACE7D00AE1A38 /* MainWindow.xib */; };
		96F4B26A1432D39000BF47A2 /* UIKit.framework in Frameworks */ = {isa = PBXBuildFile; fileRef = 96F4B2691432D39000BF47A2 /* UIKit.framework */; };
		96F4B26C1432D39000BF47A2 /* Foundation.framework in Frameworks */ = {isa = PBXBuildFile; fileRef = 96F4B26B1432D39000BF47A2 /* Foundation.framework */; };
		96F4B26E1432D39000BF47A2 /* CoreGraphics.framework in Frameworks */ = {isa = PBXBuildFile; fileRef = 96F4B26D1432D39000BF47A2 /* CoreGraphics.framework */; };
/* End PBXBuildFile section */

/* Begin PBXFileReference section */
		96B97380151AC6AF00488912 /* ColorTouch-Info.plist */ = {isa = PBXFileReference; fileEncoding = 4; lastKnownFileType = text.plist.xml; name = "ColorTouch-Info.plist"; path = "ColorTouch/ColorTouch-Info.plist"; sourceTree = SOURCE_ROOT; };
		96B97381151AC6AF00488912 /* ColorTouch-Prefix.pch */ = {isa = PBXFileReference; fileEncoding = 4; lastKnownFileType = sourcecode.c.h; name = "ColorTouch-Prefix.pch"; path = "ColorTouch/ColorTouch-Prefix.pch"; sourceTree = SOURCE_ROOT; };
		96B97382151AC6AF00488912 /* ColorTouchAppDelegate.h */ = {isa = PBXFileReference; fileEncoding = 4; lastKnownFileType = sourcecode.c.h; name = ColorTouchAppDelegate.h; path = ColorTouch/ColorTouchAppDelegate.h; sourceTree = SOURCE_ROOT; };
		96B97383151AC6AF00488912 /* ColorTouchAppDelegate.m */ = {isa = PBXFileReference; fileEncoding = 4; lastKnownFileType = sourcecode.c.objc; name = ColorTouchAppDelegate.m; path = ColorTouch/ColorTouchAppDelegate.m; sourceTree = SOURCE_ROOT; };
		96B97384151AC6AF00488912 /* ColorTouchViewController.h */ = {isa = PBXFileReference; fileEncoding = 4; lastKnownFileType = sourcecode.c.h; name = ColorTouchViewController.h; path = ColorTouch/ColorTouchViewController.h; sourceTree = SOURCE_ROOT; };
		96B97385151AC6AF00488912 /* ColorTouchViewController.m */ = {isa = PBXFileReference; fileEncoding = 4; lastKnownFileType = sourcecode.c.objc; name = ColorTouchViewController.m; path = ColorTouch/ColorTouchViewController.m; sourceTree = SOURCE_ROOT; };
		96B9738D151AC6AF00488912 /* main.m */ = {isa = PBXFileReference; fileEncoding = 4; lastKnownFileType = sourcecode.c.objc; name = main.m; path = ColorTouch/main.m; sourceTree = SOURCE_ROOT; };
		96C1C305151ACE7D00AE1A38 /* ColorTouchViewController.xib */ = {isa = PBXFileReference; fileEncoding = 4; lastKnownFileType = file.xib; name = ColorTouchViewController.xib; path = "ColorTouch/Supporting Files/ColorTouchViewController.xib"; sourceTree = SOURCE_ROOT; };
		96C1C306151ACE7D00AE1A38 /* InfoPlist.strings */ = {isa = PBXFileReference; fileEncoding = 4; lastKnownFileType = text.plist.strings; name = InfoPlist.strings; path = "ColorTouch/Supporting Files/InfoPlist.strings"; sourceTree = SOURCE_ROOT; };
		96C1C307151ACE7D00AE1A38 /* MainWindow.xib */ = {isa = PBXFileReference; fileEncoding = 4; lastKnownFileType = file.xib; name = MainWindow.xib; path = "ColorTouch/Supporting Files/MainWindow.xib"; sourceTree = SOURCE_ROOT; };
		96F4B2651432D38F00BF47A2 /* ColorTouch.app */ = {isa = PBXFileReference; explicitFileType = wrapper.application; includeInIndex = 0; path = ColorTouch.app; sourceTree = BUILT_PRODUCTS_DIR; };
		96F4B2691432D39000BF47A2 /* UIKit.framework */ = {isa = PBXFileReference; lastKnownFileType = wrapper.framework; name = UIKit.framework; path = System/Library/Frameworks/UIKit.framework; sourceTree = SDKROOT; };
		96F4B26B1432D39000BF47A2 /* Foundation.framework */ = {isa = PBXFileReference; lastKnownFileType = wrapper.framework; name = Foundation.framework; path = System/Library/Frameworks/Foundation.framework; sourceTree = SDKROOT; };
		96F4B26D1432D39000BF47A2 /* CoreGraphics.framework */ = {isa = PBXFileReference; lastKnownFileType = wrapper.framework; name = CoreGraphics.framework; path = System/Library/Frameworks/CoreGraphics.framework; sourceTree = SDKROOT; };
/* End PBXFileReference section */

/* Begin PBXFrameworksBuildPhase section */
		96F4B2621432D38F00BF47A2 /* Frameworks */ = {
			isa = PBXFrameworksBuildPhase;
			buildActionMask = 2147483647;
			files = (
				96F4B26A1432D39000BF47A2 /* UIKit.framework in Frameworks */,
				96F4B26C1432D39000BF47A2 /* Foundation.framework in Frameworks */,
				96F4B26E1432D39000BF47A2 /* CoreGraphics.framework in Frameworks */,
			);
			runOnlyForDeploymentPostprocessing = 0;
		};
/* End PBXFrameworksBuildPhase section */

/* Begin PBXGroup section */
		96B97386151AC6AF00488912 /* Supporting Files */ = {
			isa = PBXGroup;
			children = (
				96C1C305151ACE7D00AE1A38 /* ColorTouchViewController.xib */,
				96C1C306151ACE7D00AE1A38 /* InfoPlist.strings */,
				96C1C307151ACE7D00AE1A38 /* MainWindow.xib */,
			);
			name = "Supporting Files";
			path = ColorTouch/en.lproj;
			sourceTree = SOURCE_ROOT;
		};
		96F4B25A1432D38F00BF47A2 = {
			isa = PBXGroup;
			children = (
				96F4B26F1432D39000BF47A2 /* ColorTouch */,
				96F4B2681432D39000BF47A2 /* Frameworks */,
				96F4B2661432D38F00BF47A2 /* Products */,
			);
			sourceTree = "<group>";
		};
		96F4B2661432D38F00BF47A2 /* Products */ = {
			isa = PBXGroup;
			children = (
				96F4B2651432D38F00BF47A2 /* ColorTouch.app */,
			);
			name = Products;
			sourceTree = "<group>";
		};
		96F4B2681432D39000BF47A2 /* Frameworks */ = {
			isa = PBXGroup;
			children = (
				96F4B2691432D39000BF47A2 /* UIKit.framework */,
				96F4B26B1432D39000BF47A2 /* Foundation.framework */,
				96F4B26D1432D39000BF47A2 /* CoreGraphics.framework */,
			);
			name = Frameworks;
			sourceTree = "<group>";
		};
		96F4B26F1432D39000BF47A2 /* ColorTouch */ = {
			isa = PBXGroup;
			children = (
				96B97380151AC6AF00488912 /* ColorTouch-Info.plist */,
				96B97381151AC6AF00488912 /* ColorTouch-Prefix.pch */,
				96B97382151AC6AF00488912 /* ColorTouchAppDelegate.h */,
				96B97383151AC6AF00488912 /* ColorTouchAppDelegate.m */,
				96B97384151AC6AF00488912 /* ColorTouchViewController.h */,
				96B97385151AC6AF00488912 /* ColorTouchViewController.m */,
				96B97386151AC6AF00488912 /* Supporting Files */,
				96B9738D151AC6AF00488912 /* main.m */,
			);
			name = ColorTouch;
			path = Touches;
			sourceTree = "<group>";
		};
/* End PBXGroup section */

/* Begin PBXNativeTarget section */
		96F4B2641432D38F00BF47A2 /* ColorTouch */ = {
			isa = PBXNativeTarget;
			buildConfigurationList = 96F4B2861432D39000BF47A2 /* Build configuration list for PBXNativeTarget "ColorTouch" */;
			buildPhases = (
				96F4B2611432D38F00BF47A2 /* Sources */,
				96F4B2621432D38F00BF47A2 /* Frameworks */,
				96F4B2631432D38F00BF47A2 /* Resources */,
			);
			buildRules = (
			);
			dependencies = (
			);
			name = ColorTouch;
			productName = Touches;
			productReference = 96F4B2651432D38F00BF47A2 /* ColorTouch.app */;
			productType = "com.apple.product-type.application";
		};
/* End PBXNativeTarget section */

/* Begin PBXProject section */
		96F4B25C1432D38F00BF47A2 /* Project object */ = {
			isa = PBXProject;
			attributes = {
				LastUpgradeCheck = 0420;
			};
			buildConfigurationList = 96F4B25F1432D38F00BF47A2 /* Build configuration list for PBXProject "ColorTouch" */;
			compatibilityVersion = "Xcode 3.2";
			developmentRegion = English;
			hasScannedForEncodings = 0;
			knownRegions = (
				en,
			);
			mainGroup = 96F4B25A1432D38F00BF47A2;
			productRefGroup = 96F4B2661432D38F00BF47A2 /* Products */;
			projectDirPath = "";
			projectRoot = "";
			targets = (
				96F4B2641432D38F00BF47A2 /* ColorTouch */,
			);
		};
/* End PBXProject section */

/* Begin PBXResourcesBuildPhase section */
		96F4B2631432D38F00BF47A2 /* Resources */ = {
			isa = PBXResourcesBuildPhase;
			buildActionMask = 2147483647;
			files = (
				96C1C308151ACE7D00AE1A38 /* ColorTouchViewController.xib in Resources */,
				96C1C309151ACE7D00AE1A38 /* InfoPlist.strings in Resources */,
				96C1C30A151ACE7D00AE1A38 /* MainWindow.xib in Resources */,
			);
			runOnlyForDeploymentPostprocessing = 0;
		};
/* End PBXResourcesBuildPhase section */

/* Begin PBXSourcesBuildPhase section */
		96F4B2611432D38F00BF47A2 /* Sources */ = {
			isa = PBXSourcesBuildPhase;
			buildActionMask = 2147483647;
			files = (
				96B9738F151AC6AF00488912 /* ColorTouchAppDelegate.m in Sources */,
				96B97390151AC6AF00488912 /* ColorTouchViewController.m in Sources */,
				96B97394151AC6AF00488912 /* main.m in Sources */,
			);
			runOnlyForDeploymentPostprocessing = 0;
		};
/* End PBXSourcesBuildPhase section */

/* Begin XCBuildConfiguration section */
		96F4B2841432D39000BF47A2 /* Debug */ = {
			isa = XCBuildConfiguration;
			buildSettings = {
				ARCHS = "$(ARCHS_STANDARD_32_BIT)";
				"CODE_SIGN_IDENTITY[sdk=iphoneos*]" = "iPhone Developer";
				GCC_C_LANGUAGE_STANDARD = gnu99;
				GCC_OPTIMIZATION_LEVEL = 0;
				GCC_PREPROCESSOR_DEFINITIONS = DEBUG;
				GCC_SYMBOLS_PRIVATE_EXTERN = NO;
				GCC_VERSION = com.apple.compilers.llvmgcc42;
				GCC_WARN_ABOUT_RETURN_TYPE = YES;
				GCC_WARN_UNUSED_VARIABLE = YES;
				IPHONEOS_DEPLOYMENT_TARGET = 4.2;
				SDKROOT = iphoneos;
			};
			name = Debug;
		};
		96F4B2851432D39000BF47A2 /* Release */ = {
			isa = XCBuildConfiguration;
			buildSettings = {
				ARCHS = "$(ARCHS_STANDARD_32_BIT)";
				"CODE_SIGN_IDENTITY[sdk=iphoneos*]" = "iPhone Developer";
				GCC_C_LANGUAGE_STANDARD = gnu99;
				GCC_VERSION = com.apple.compilers.llvmgcc42;
				GCC_WARN_ABOUT_RETURN_TYPE = YES;
				GCC_WARN_UNUSED_VARIABLE = YES;
				IPHONEOS_DEPLOYMENT_TARGET = 4.2;
				OTHER_CFLAGS = "-DNS_BLOCK_ASSERTIONS=1";
				SDKROOT = iphoneos;
			};
			name = Release;
		};
		96F4B2871432D39000BF47A2 /* Debug */ = {
			isa = XCBuildConfiguration;
			buildSettings = {
				ALWAYS_SEARCH_USER_PATHS = NO;
				COPY_PHASE_STRIP = NO;
				GCC_DYNAMIC_NO_PIC = NO;
				GCC_PRECOMPILE_PREFIX_HEADER = YES;
				GCC_PREFIX_HEADER = "ColorTouch/ColorTouch-Prefix.pch";
				GCC_VERSION = com.apple.compilers.llvm.clang.1_0;
				INFOPLIST_FILE = "ColorTouch/ColorTouch-Info.plist";
				IPHONEOS_DEPLOYMENT_TARGET = 4.2;
				PRODUCT_NAME = ColorTouch;
				TARGETED_DEVICE_FAMILY = 1;
				WRAPPER_EXTENSION = app;
			};
			name = Debug;
		};
		96F4B2881432D39000BF47A2 /* Release */ = {
			isa = XCBuildConfiguration;
			buildSettings = {
				ALWAYS_SEARCH_USER_PATHS = NO;
				COPY_PHASE_STRIP = YES;
				GCC_PRECOMPILE_PREFIX_HEADER = YES;
				GCC_PREFIX_HEADER = "ColorTouch/ColorTouch-Prefix.pch";
				GCC_VERSION = com.apple.compilers.llvm.clang.1_0;
				INFOPLIST_FILE = "ColorTouch/ColorTouch-Info.plist";
				IPHONEOS_DEPLOYMENT_TARGET = 4.2;
				PRODUCT_NAME = ColorTouch;
				TARGETED_DEVICE_FAMILY = 1;
				VALIDATE_PRODUCT = YES;
				WRAPPER_EXTENSION = app;
			};
			name = Release;
		};
/* End XCBuildConfiguration section */

/* Begin XCConfigurationList section */
		96F4B25F1432D38F00BF47A2 /* Build configuration list for PBXProject "ColorTouch" */ = {
			isa = XCConfigurationList;
			buildConfigurations = (
				96F4B2841432D39000BF47A2 /* Debug */,
				96F4B2851432D39000BF47A2 /* Release */,
			);
			defaultConfigurationIsVisible = 0;
			defaultConfigurationName = Release;
		};
		96F4B2861432D39000BF47A2 /* Build configuration list for PBXNativeTarget "ColorTouch" */ = {
			isa = XCConfigurationList;
			buildConfigurations = (
				96F4B2871432D39000BF47A2 /* Debug */,
				96F4B2881432D39000BF47A2 /* Release */,
			);
			defaultConfigurationIsVisible = 0;
			defaultConfigurationName = Release;
		};
/* End XCConfigurationList section */
	};
	rootObject = 96F4B25C1432D38F00BF47A2 /* Project object */;
}
